PODS:
  - Alamofire (4.8.2)
  - Crashlytics (3.13.4):
    - Fabric (~> 1.10.2)
  - Fabric (1.10.2)
  - Firebase/Analytics (6.6.0):
    - Firebase/Core
  - Firebase/Core (6.6.0):
    - Firebase/CoreOnly
    - FirebaseAnalytics (= 6.1.0)
  - Firebase/CoreOnly (6.6.0):
    - FirebaseCore (= 6.2.0)
  - FirebaseAnalytics (6.1.0):
    - FirebaseCore (~> 6.2)
    - FirebaseInstanceID (~> 4.2)
    - GoogleAppMeasurement (= 6.1.0)
    - GoogleUtilities/AppDelegateSwizzler (~> 6.0)
    - GoogleUtilities/MethodSwizzler (~> 6.0)
    - GoogleUtilities/Network (~> 6.0)
    - "GoogleUtilities/NSData+zlib (~> 6.0)"
    - nanopb (~> 0.3)
  - FirebaseCore (6.2.0):
    - FirebaseCoreDiagnostics (~> 1.0)
    - FirebaseCoreDiagnosticsInterop (~> 1.0)
    - GoogleUtilities/Environment (~> 6.2)
    - GoogleUtilities/Logger (~> 6.2)
  - FirebaseCoreDiagnostics (1.0.1):
    - FirebaseCoreDiagnosticsInterop (~> 1.0)
    - GoogleDataTransportCCTSupport (~> 1.0)
    - GoogleUtilities/Environment (~> 6.2)
    - GoogleUtilities/Logger (~> 6.2)
  - FirebaseCoreDiagnosticsInterop (1.0.0)
  - FirebaseInstanceID (4.2.3):
    - FirebaseCore (~> 6.0)
    - GoogleUtilities/Environment (~> 6.0)
    - GoogleUtilities/UserDefaults (~> 6.0)
  - FLAnimatedImage (1.0.12)
  - GoogleAppMeasurement (6.1.0):
    - GoogleUtilities/AppDelegateSwizzler (~> 6.0)
    - GoogleUtilities/MethodSwizzler (~> 6.0)
    - GoogleUtilities/Network (~> 6.0)
    - "GoogleUtilities/NSData+zlib (~> 6.0)"
    - nanopb (~> 0.3)
  - GoogleDataTransport (1.1.1)
  - GoogleDataTransportCCTSupport (1.0.1):
    - GoogleDataTransport (~> 1.1)
    - nanopb
  - GoogleUtilities/AppDelegateSwizzler (6.2.5):
    - GoogleUtilities/Environment
    - GoogleUtilities/Logger
    - GoogleUtilities/Network
  - GoogleUtilities/Environment (6.2.5)
  - GoogleUtilities/Logger (6.2.5):
    - GoogleUtilities/Environment
  - GoogleUtilities/MethodSwizzler (6.2.5):
    - GoogleUtilities/Logger
  - GoogleUtilities/Network (6.2.5):
    - GoogleUtilities/Logger
    - "GoogleUtilities/NSData+zlib"
    - GoogleUtilities/Reachability
  - "GoogleUtilities/NSData+zlib (6.2.5)"
  - GoogleUtilities/Reachability (6.2.5):
    - GoogleUtilities/Logger
  - GoogleUtilities/UserDefaults (6.2.5):
    - GoogleUtilities/Logger
  - JXHTTP (3.0.2)
  - Keys (1.0.0)
  - Locksmith (4.0.0)
  - nanopb (0.3.901):
    - nanopb/decode (= 0.3.901)
    - nanopb/encode (= 0.3.901)
  - nanopb/decode (0.3.901)
  - nanopb/encode (0.3.901)
  - Realm (3.17.3):
    - Realm/Headers (= 3.17.3)
  - Realm/Headers (3.17.3)
  - RealmSwift (3.17.3):
    - Realm (= 3.17.3)
  - Spectacles (1.0.1)
  - Swifter (2.3.0)
  - SwiftLint (0.34.0)
  - SwiftyJSON (5.0.0)
  - SwiftyUserDefaults (4.0.0)
  - TMTumblrSDK (4.0.5):
    - TMTumblrSDK/Activity (= 4.0.5)
    - TMTumblrSDK/APIClient (= 4.0.5)
    - TMTumblrSDK/AppClient (= 4.0.5)
    - TMTumblrSDK/Core (= 4.0.5)
  - TMTumblrSDK/Activity (4.0.5)
  - TMTumblrSDK/APIClient (4.0.5):
    - JXHTTP
    - TMTumblrSDK/APIClient/Authentication (= 4.0.5)
  - TMTumblrSDK/APIClient/Authentication (4.0.5):
    - JXHTTP
    - TMTumblrSDK/Core
  - TMTumblrSDK/AppClient (4.0.5):
    - TMTumblrSDK/Core
  - TMTumblrSDK/Core (4.0.5):
    - Spectacles (~> 1.0)

DEPENDENCIES:
  - Alamofire
  - Crashlytics
  - Fabric
  - Firebase/Analytics
  - FLAnimatedImage
  - Keys (from `Pods/CocoaPodsKeys`)
  - Locksmith
  - RealmSwift
  - Swifter (from `https://github.com/mattdonnelly/Swifter.git`)
  - SwiftLint
  - SwiftyJSON
  - SwiftyUserDefaults
  - TMTumblrSDK (from `https://github.com/rofreg/TMTumblrSDK.git`)

SPEC REPOS:
  https://github.com/cocoapods/specs.git:
    - Alamofire
    - Crashlytics
    - Fabric
    - Firebase
    - FirebaseAnalytics
    - FirebaseCore
    - FirebaseCoreDiagnostics
    - FirebaseCoreDiagnosticsInterop
    - FirebaseInstanceID
    - FLAnimatedImage
    - GoogleAppMeasurement
    - GoogleDataTransport
    - GoogleDataTransportCCTSupport
    - GoogleUtilities
    - JXHTTP
    - Locksmith
    - nanopb
    - Realm
    - RealmSwift
    - Spectacles
    - SwiftLint
    - SwiftyJSON
    - SwiftyUserDefaults

EXTERNAL SOURCES:
  Keys:
    :path: Pods/CocoaPodsKeys
  Swifter:
    :git: https://github.com/mattdonnelly/Swifter.git
  TMTumblrSDK:
    :git: https://github.com/rofreg/TMTumblrSDK.git

CHECKOUT OPTIONS:
  Swifter:
    :commit: 9585bc51f3d2c08a0f35edcb51e3d0cfc9c1bd72
    :git: https://github.com/mattdonnelly/Swifter.git
  TMTumblrSDK:
    :commit: 29efab51c1a3e16602809c98ad981ebd9b330c8b
    :git: https://github.com/rofreg/TMTumblrSDK.git

SPEC CHECKSUMS:
  Alamofire: ae5c501addb7afdbb13687d7f2f722c78734c2d3
  Crashlytics: 2dfd686bcb918dc10ee0e76f7f853fe42c7bd552
  Fabric: 706c8b8098fff96c33c0db69cbf81f9c551d0d74
  Firebase: a2b5951f30ff38fd3b3bdae9c7d340f940fd3c51
  FirebaseAnalytics: 48414ae5cbf6976d8a2f7177e0466540e5ab33ce
  FirebaseCore: 8c9e08bce0c72a3affd83927d8184cf244918bc8
  FirebaseCoreDiagnostics: 4c04ae09d0ab027c30179828c6bb47764df1bd13
  FirebaseCoreDiagnosticsInterop: 6829da2b8d1fc795ff1bd99df751d3788035d2cb
  FirebaseInstanceID: 8b42755db950682e7de0d167bc6fb26a57b244af
  FLAnimatedImage: 4a0b56255d9b05f18b6dd7ee06871be5d3b89e31
  GoogleAppMeasurement: 47285fa897e5a125df56b9ef8750a1d81e4598a8
  GoogleDataTransport: ffbadce4ab93c88fb9dd8e6366c47bfcb4a32193
  GoogleDataTransportCCTSupport: 3451e7d8ba19093e533362a6d78d6d9014c6a037
  GoogleUtilities: e7dc37039b19df7fe543479d3e4a02ac8d11bb69
  JXHTTP: c37120f210cd2dfcb3470d70239f5253335e2f1a
  Keys: 9c35bf00f612ee1d48556f4a4b9b4551e224e90f
  Locksmith: e9bebbaaa4cee3c511bc358a44f843c3fe00e21f
  nanopb: 2901f78ea1b7b4015c860c2fdd1ea2fee1a18d48
  Realm: 5a1d9d47bfc101dd597668b1a8af4288a2557f6d
  RealmSwift: b7fdc2d18616621c31df5c7a398a45a2163f8eb0
  Spectacles: 8dc60711140320653724560e2d6bbb8a8f0940e4
  Swifter: 114bb57823fb21d5ef0451930e9cbc184c3a867a
  SwiftLint: 79d48a17c6565dc286c37efb8322c7b450f95c67
  SwiftyJSON: 36413e04c44ee145039d332b4f4e2d3e8d6c4db7
  SwiftyUserDefaults: 6a1951df1daa19337862b677dd9a4b9bd4c288cd
  TMTumblrSDK: bafecf74bb5dae10d42536d35229e40c18e9e4a1

PODFILE CHECKSUM: 2ef1e808bfc40d9c06be42645695b65cba24f0d1

COCOAPODS: 1.7.5
