PODS:
  - Alamofire (5.2.2)
  - FLEX (4.1.1)
  - JXHTTP (3.0.2)
  - Keys (1.0.1)
  - Locksmith (4.0.0)
  - MastodonKit (2.0.0)
  - Realm (10.19.0):
    - Realm/Headers (= 10.19.0)
  - Realm/Headers (10.19.0)
  - RealmSwift (10.19.0):
    - Realm (= 10.19.0)
  - Spectacles (1.0.1)
  - SwiftLint (0.40.3)
  - SwiftyJSON (5.0.0)
  - SwiftyUserDefaults (5.0.0)
  - TMTumblrSDK (4.0.5):
    - TMTumblrSDK/Activity (= 4.0.5)
    - TMTumblrSDK/APIClient (= 4.0.5)
    - TMTumblrSDK/AppClient (= 4.0.5)
    - TMTumblrSDK/Core (= 4.0.5)
  - TMTumblrSDK/Activity (4.0.5)
  - TMTumblrSDK/APIClient (4.0.5):
    - JXHTTP
    - TMTumblrSDK/APIClient/Authentication (= 4.0.5)
  - TMTumblrSDK/APIClient/Authentication (4.0.5):
    - JXHTTP
    - TMTumblrSDK/Core
  - TMTumblrSDK/AppClient (4.0.5):
    - TMTumblrSDK/Core
  - TMTumblrSDK/Core (4.0.5):
    - Spectacles (~> 1.0)
  - YYImage (1.0.4):
    - YYImage/Core (= 1.0.4)
  - YYImage/Core (1.0.4)

DEPENDENCIES:
  - Alamofire
  - FLEX
  - Keys (from `Pods/CocoaPodsKeys`)
  - Locksmith
  - MastodonKit
  - RealmSwift
  - SwiftLint
  - SwiftyJSON
  - SwiftyUserDefaults
  - TMTumblrSDK (from `https://github.com/rofreg/TMTumblrSDK.git`)
  - YYImage

SPEC REPOS:
  trunk:
    - Alamofire
    - FLEX
    - JXHTTP
    - Locksmith
    - MastodonKit
    - Realm
    - RealmSwift
    - Spectacles
    - SwiftLint
    - SwiftyJSON
    - SwiftyUserDefaults
    - YYImage

EXTERNAL SOURCES:
  Keys:
    :path: Pods/CocoaPodsKeys
  TMTumblrSDK:
    :git: https://github.com/rofreg/TMTumblrSDK.git

CHECKOUT OPTIONS:
  TMTumblrSDK:
    :commit: 29efab51c1a3e16602809c98ad981ebd9b330c8b
    :git: https://github.com/rofreg/TMTumblrSDK.git

SPEC CHECKSUMS:
  Alamofire: 814429acc853c6c54ff123fc3d2ef66803823ce0
  FLEX: 81096107977a09836eb440173010ceeef01105d6
  JXHTTP: c37120f210cd2dfcb3470d70239f5253335e2f1a
  Keys: a576f4c9c1c641ca913a959a9c62ed3f215a8de9
  Locksmith: e9bebbaaa4cee3c511bc358a44f843c3fe00e21f
  MastodonKit: 3bc591ea7e626dd160711f9a10cd50f192e46ed3
  Realm: 869ab2a7e3bdfa6bf06d8723251539f504e6f602
  RealmSwift: f1f51c4a02fe826e5cea623b5441992f06bdc942
  Spectacles: 8dc60711140320653724560e2d6bbb8a8f0940e4
  SwiftLint: dfd554ff0dff17288ee574814ccdd5cea85d76f7
  SwiftyJSON: 36413e04c44ee145039d332b4f4e2d3e8d6c4db7
  SwiftyUserDefaults: 33fcb42bd1feb53a37d873feb62c82967db5f7f6
  TMTumblrSDK: bafecf74bb5dae10d42536d35229e40c18e9e4a1
  YYImage: 1e1b62a9997399593e4b9c4ecfbbabbf1d3f3b54

PODFILE CHECKSUM: 4cb167456289068e99f4b616bfc12cbaad274a11

COCOAPODS: 1.11.2
